
Microsoft Visual Studio Solution File, Format Version 12.00
# Visual Studio Version 17
VisualStudioVersion = 17.8.34004.107
MinimumVisualStudioVersion = 10.0.40219.1
Project("{FAE04EC0-301F-11D3-BF4B-00C04F79EFBC}") = "gestioneOrdini", "gestioneOrdini\gestioneOrdini.csproj", "{F8C3E15F-C080-4A23-8E5C-2723E2BD2082}"
EndProject
Global
	GlobalSection(SolutionConfigurationPlatforms) = preSolution
		Debug|Any CPU = Debug|Any CPU
		Release|Any CPU = Release|Any CPU
	EndGlobalSection
	GlobalSection(ProjectConfigurationPlatforms) = postSolution
		{F8C3E15F-C080-4A23-8E5C-2723E2BD2082}.Debug|Any CPU.ActiveCfg = Debug|Any CPU
		{F8C3E15F-C080-4A23-8E5C-2723E2BD2082}.Debug|Any CPU.Build.0 = Debug|Any CPU
		{F8C3E15F-C080-4A23-8E5C-2723E2BD2082}.Release|Any CPU.ActiveCfg = Release|Any CPU
		{F8C3E15F-C080-4A23-8E5C-2723E2BD2082}.Release|Any CPU.Build.0 = Release|Any CPU
	EndGlobalSection
	GlobalSection(SolutionProperties) = preSolution
		HideSolutionNode = FALSE
	EndGlobalSection
	GlobalSection(ExtensibilityGlobals) = postSolution
		SolutionGuid = {E33D7A3B-2D34-41A9-B9C8-F761F9C02F34}
	EndGlobalSection
EndGlobal
